{
  "requires": true,
  "lockfileVersion": 1,
  "dependencies": {
    "live2d-widget-model-chitose": {
      "version": "1.0.5",
      "resolved": "http://registry.npm.taobao.org/live2d-widget-model-chitose/download/live2d-widget-model-chitose-1.0.5.tgz",
      "integrity": "sha1-5q7S1jQ+UPMWuXlnOUiJWDvUB8M="
    },
    "live2d-widget-model-epsilon2_1": {
      "version": "1.0.5",
      "resolved": "http://registry.npm.taobao.org/live2d-widget-model-epsilon2_1/download/live2d-widget-model-epsilon2_1-1.0.5.tgz",
      "integrity": "sha1-wVAaB73OuXGCHy7umDfYtZODneU="
    },
    "live2d-widget-model-gf": {
      "version": "1.0.5",
      "resolved": "http://registry.npm.taobao.org/live2d-widget-model-gf/download/live2d-widget-model-gf-1.0.5.tgz",
      "integrity": "sha1-OOOa4I5LGsGkSWHrWevaqHU7ERo="
    },
    "live2d-widget-model-haru": {
      "version": "1.0.5",
      "resolved": "http://registry.npm.taobao.org/live2d-widget-model-haru/download/live2d-widget-model-haru-1.0.5.tgz",
      "integrity": "sha1-a1Gt27SRLfSqrqrE2mTx3wTujx0="
    },
    "live2d-widget-model-haruto": {
      "version": "1.0.5",
      "resolved": "http://registry.npm.taobao.org/live2d-widget-model-haruto/download/live2d-widget-model-haruto-1.0.5.tgz",
      "integrity": "sha1-CmrmqTOTAIJG4/ajC1sUu3fS7lU="
    },
    "live2d-widget-model-hibiki": {
      "version": "1.0.5",
      "resolved": "http://registry.npm.taobao.org/live2d-widget-model-hibiki/download/live2d-widget-model-hibiki-1.0.5.tgz",
      "integrity": "sha1-DvHZm0PSefuVMbzKqazBLdUGn/U="
    },
    "live2d-widget-model-hijiki": {
      "version": "file:live2d-widget-model-hijiki",
      "integrity": "sha1-wt3GsjgL4RuLi8LfDYL9bfoAfxE="
    },
    "live2d-widget-model-izumi": {
      "version": "1.0.5",
      "resolved": "http://registry.npm.taobao.org/live2d-widget-model-izumi/download/live2d-widget-model-izumi-1.0.5.tgz",
      "integrity": "sha1-pvaxK9w5S/4NxX5DapwwPcvmqZc="
    },
    "live2d-widget-model-koharu": {
      "version": "1.0.5",
      "resolved": "http://registry.npm.taobao.org/live2d-widget-model-koharu/download/live2d-widget-model-koharu-1.0.5.tgz",
      "integrity": "sha1-ZSXixJWvQLB02RwxSZ1KcXEc/Mw="
    },
    "live2d-widget-model-miku": {
      "version": "1.0.5",
      "resolved": "http://registry.npm.taobao.org/live2d-widget-model-miku/download/live2d-widget-model-miku-1.0.5.tgz",
      "integrity": "sha1-SaC3tLvDceNrdc9i10WTPnvPEIs="
    },
    "live2d-widget-model-ni-j": {
      "version": "1.0.5",
      "resolved": "http://registry.npm.taobao.org/live2d-widget-model-ni-j/download/live2d-widget-model-ni-j-1.0.5.tgz",
      "integrity": "sha1-zXO9CgCWadcapFAJ3rj8XwuOO2c="
    },
    "live2d-widget-model-nico": {
      "version": "1.0.5",
      "resolved": "http://registry.npm.taobao.org/live2d-widget-model-nico/download/live2d-widget-model-nico-1.0.5.tgz",
      "integrity": "sha1-pKy+PZsriqn5wSoHdgaw0nz9viA="
    },
    "live2d-widget-model-nietzsche": {
      "version": "1.0.5",
      "resolved": "http://registry.npm.taobao.org/live2d-widget-model-nietzsche/download/live2d-widget-model-nietzsche-1.0.5.tgz",
      "integrity": "sha1-yIoGGViXH8aPU+tTx71BEIryXco="
    },
    "live2d-widget-model-nipsilon": {
      "version": "1.0.5",
      "resolved": "http://registry.npm.taobao.org/live2d-widget-model-nipsilon/download/live2d-widget-model-nipsilon-1.0.5.tgz",
      "integrity": "sha1-OAXIfII5MGyV+H3PvPFm5Oypz6Q="
    },
    "live2d-widget-model-nito": {
      "version": "1.0.5",
      "resolved": "http://registry.npm.taobao.org/live2d-widget-model-nito/download/live2d-widget-model-nito-1.0.5.tgz",
      "integrity": "sha1-KbFUmIcuizmtfrxvTne0kfR7jJ4="
    },
    "live2d-widget-model-shizuku": {
      "version": "1.0.5",
      "resolved": "http://registry.npm.taobao.org/live2d-widget-model-shizuku/download/live2d-widget-model-shizuku-1.0.5.tgz",
      "integrity": "sha1-E28mlpCyBzj6Dptn4zqmQwB1Eqg="
    },
    "live2d-widget-model-tororo": {
      "version": "1.0.5",
      "resolved": "http://registry.npm.taobao.org/live2d-widget-model-tororo/download/live2d-widget-model-tororo-1.0.5.tgz",
      "integrity": "sha1-9VbK/4JBmP9B0S987IB+EwHrydE="
    },
    "live2d-widget-model-tsumiki": {
      "version": "1.0.5",
      "resolved": "http://registry.npm.taobao.org/live2d-widget-model-tsumiki/download/live2d-widget-model-tsumiki-1.0.5.tgz",
      "integrity": "sha1-3nQs7LRglkZC9mI3fd2629PD/us="
    },
    "live2d-widget-model-unitychan": {
      "version": "1.0.5",
      "resolved": "http://registry.npm.taobao.org/live2d-widget-model-unitychan/download/live2d-widget-model-unitychan-1.0.5.tgz",
      "integrity": "sha1-/fCtMD6soE1C3sBcRagqJBhLeVM="
    },
    "live2d-widget-model-wanko": {
      "version": "1.0.5",
      "resolved": "http://registry.npm.taobao.org/live2d-widget-model-wanko/download/live2d-widget-model-wanko-1.0.5.tgz",
      "integrity": "sha1-KDNIa8dlKM435+BP275iMZHgOVM="
    },
    "live2d-widget-model-z16": {
      "version": "1.0.5",
      "resolved": "http://registry.npm.taobao.org/live2d-widget-model-z16/download/live2d-widget-model-z16-1.0.5.tgz",
      "integrity": "sha1-dgQCXnM9b8aySmDDIx5bYtXlMqE="
    }
  }
}
